
Microsoft Visual Studio Solution File, Format Version 12.00
# Visual Studio Version 17
VisualStudioVersion = 17.8.34316.72
MinimumVisualStudioVersion = 10.0.40219.1
Project("{FAE04EC0-301F-11D3-BF4B-00C04F79EFBC}") = "BE_API_BASE", "BE_API_BASE\BE_API_BASE.csproj", "{4C421922-26FF-4D59-A06E-D28552143923}"
EndProject
Project("{FAE04EC0-301F-11D3-BF4B-00C04F79EFBC}") = "BE_API_BASE.Doman", "BE_API_BASE.Doman\BE_API_BASE.Doman.csproj", "{C161CC0D-FDE1-4BCD-B8A1-0EF3CF75EED5}"
EndProject
Project("{FAE04EC0-301F-11D3-BF4B-00C04F79EFBC}") = "BE_API_BASE.Application", "BE_API_BASE.Application\BE_API_BASE.Application.csproj", "{42A04A97-DE58-485D-BA6C-42B5630B557B}"
EndProject
Project("{FAE04EC0-301F-11D3-BF4B-00C04F79EFBC}") = "BE_API_BASE.Infrastructure", "BE_API_BASE.Infrastructure\BE_API_BASE.Infrastructure.csproj", "{81AEEED8-00F9-4BD0-BC9F-8555185270C8}"
EndProject
Global
	GlobalSection(SolutionConfigurationPlatforms) = preSolution
		Debug|Any CPU = Debug|Any CPU
		Release|Any CPU = Release|Any CPU
	EndGlobalSection
	GlobalSection(ProjectConfigurationPlatforms) = postSolution
		{4C421922-26FF-4D59-A06E-D28552143923}.Debug|Any CPU.ActiveCfg = Debug|Any CPU
		{4C421922-26FF-4D59-A06E-D28552143923}.Debug|Any CPU.Build.0 = Debug|Any CPU
		{4C421922-26FF-4D59-A06E-D28552143923}.Release|Any CPU.ActiveCfg = Release|Any CPU
		{4C421922-26FF-4D59-A06E-D28552143923}.Release|Any CPU.Build.0 = Release|Any CPU
		{C161CC0D-FDE1-4BCD-B8A1-0EF3CF75EED5}.Debug|Any CPU.ActiveCfg = Debug|Any CPU
		{C161CC0D-FDE1-4BCD-B8A1-0EF3CF75EED5}.Debug|Any CPU.Build.0 = Debug|Any CPU
		{C161CC0D-FDE1-4BCD-B8A1-0EF3CF75EED5}.Release|Any CPU.ActiveCfg = Release|Any CPU
		{C161CC0D-FDE1-4BCD-B8A1-0EF3CF75EED5}.Release|Any CPU.Build.0 = Release|Any CPU
		{42A04A97-DE58-485D-BA6C-42B5630B557B}.Debug|Any CPU.ActiveCfg = Debug|Any CPU
		{42A04A97-DE58-485D-BA6C-42B5630B557B}.Debug|Any CPU.Build.0 = Debug|Any CPU
		{42A04A97-DE58-485D-BA6C-42B5630B557B}.Release|Any CPU.ActiveCfg = Release|Any CPU
		{42A04A97-DE58-485D-BA6C-42B5630B557B}.Release|Any CPU.Build.0 = Release|Any CPU
		{81AEEED8-00F9-4BD0-BC9F-8555185270C8}.Debug|Any CPU.ActiveCfg = Debug|Any CPU
		{81AEEED8-00F9-4BD0-BC9F-8555185270C8}.Debug|Any CPU.Build.0 = Debug|Any CPU
		{81AEEED8-00F9-4BD0-BC9F-8555185270C8}.Release|Any CPU.ActiveCfg = Release|Any CPU
		{81AEEED8-00F9-4BD0-BC9F-8555185270C8}.Release|Any CPU.Build.0 = Release|Any CPU
	EndGlobalSection
	GlobalSection(SolutionProperties) = preSolution
		HideSolutionNode = FALSE
	EndGlobalSection
	GlobalSection(ExtensibilityGlobals) = postSolution
		SolutionGuid = {41785BB2-235E-4385-B39C-E79C705788ED}
	EndGlobalSection
EndGlobal
